
Microsoft Visual Studio Solution File, Format Version 12.00
# Visual Studio Version 16
VisualStudioVersion = 16.0.28803.156
MinimumVisualStudioVersion = 10.0.40219.1
Project("{FAE04EC0-301F-11D3-BF4B-00C04F79EFBC}") = "TestApp", "TestApp\TestApp.csproj", "{22AA1CED-A653-4CFB-ACB9-790EE46C9BD5}"
EndProject
Global
	GlobalSection(SolutionConfigurationPlatforms) = preSolution
		Debug|Any CPU = Debug|Any CPU
		Release|Any CPU = Release|Any CPU
	EndGlobalSection
	GlobalSection(ProjectConfigurationPlatforms) = postSolution
		{22AA1CED-A653-4CFB-ACB9-790EE46C9BD5}.Debug|Any CPU.ActiveCfg = Debug|Any CPU
		{22AA1CED-A653-4CFB-ACB9-790EE46C9BD5}.Debug|Any CPU.Build.0 = Debug|Any CPU
		{22AA1CED-A653-4CFB-ACB9-790EE46C9BD5}.Release|Any CPU.ActiveCfg = Release|Any CPU
		{22AA1CED-A653-4CFB-ACB9-790EE46C9BD5}.Release|Any CPU.Build.0 = Release|Any CPU
	EndGlobalSection
	GlobalSection(SolutionProperties) = preSolution
		HideSolutionNode = FALSE
	EndGlobalSection
	GlobalSection(ExtensibilityGlobals) = postSolution
		SolutionGuid = {A42567BB-E849-40C9-9852-B6C7D1B47350}
	EndGlobalSection
EndGlobal
